<?xml version="1.0" encoding="utf-8"?>
<Project ToolsVersion="4.0" xmlns="http://schemas.microsoft.com/developer/msbuild/2003">
  <ItemGroup>
    <Filter Include="Source Files">
      <UniqueIdentifier>{86534275-3b52-4f0f-8638-68929b664999}</UniqueIdentifier>
    </Filter>
    <Filter Include="Generated Files">
      <UniqueIdentifier>{2e6d382a-2e25-46a3-986c-191a613a8116}</UniqueIdentifier>
      <SourceControlFiles>False</SourceControlFiles>
    </Filter>
  </ItemGroup>
  <ItemGroup>
    <None Include="TeamExplorerShellMenups.def" />
  </ItemGroup>
  <ItemGroup>
    <ClCompile Include="TeamExplorerShellMenu_i.c">
      <Filter>Generated Files</Filter>
    </ClCompile>
    <ClCompile Include="TeamExplorerShellMenu_p.c">
      <Filter>Generated Files</Filter>
    </ClCompile>
    <ClCompile Include="dlldata.c">
      <Filter>Generated Files</Filter>
    </ClCompile>
  </ItemGroup>
</Project>