<?xml version="1.0" encoding="utf-8"?>
<Project ToolsVersion="4.0" xmlns="http://schemas.microsoft.com/developer/msbuild/2003">
  <ItemGroup>
    <Filter Include="Source Files">
      <UniqueIdentifier>{ede35d0d-a21c-4d51-b805-fe8a9fa685a0}</UniqueIdentifier>
    </Filter>
    <Filter Include="Generated Files">
      <UniqueIdentifier>{3748ce8d-0937-4dcc-934d-5a217e30a94c}</UniqueIdentifier>
      <SourceControlFiles>False</SourceControlFiles>
    </Filter>
  </ItemGroup>
  <ItemGroup>
    <None Include="SmtATLps.def" />
  </ItemGroup>
  <ItemGroup>
    <ClCompile Include="SmtATL_i.c">
      <Filter>Generated Files</Filter>
    </ClCompile>
    <ClCompile Include="SmtATL_p.c">
      <Filter>Generated Files</Filter>
    </ClCompile>
    <ClCompile Include="dlldata.c">
      <Filter>Generated Files</Filter>
    </ClCompile>
  </ItemGroup>
</Project>